# THIS IS AN AUTOGENERATED FILE. DO NOT EDIT THIS FILE DIRECTLY.
# yarn lockfile v1


"@babel/runtime@^7.11.2", "@babel/runtime@^7.12.5", "@babel/runtime@^7.5.5":
  "integrity" "sha512-9E9FJowqAsytyOY6LG+1KuueckRL+aQW+mKvXRXnuFGyRAyepJPmEo9vgMfXUA6O9u3IeEdv9MAkppFcaQwogQ=="
  "resolved" "https://registry.npmjs.org/@babel/runtime/-/runtime-7.16.7.tgz"
  "version" "7.16.7"
  dependencies:
    "regenerator-runtime" "^0.13.4"

"@types/chai-subset@^1.3.3":
  "integrity" "sha512-frBecisrNGz+F4T6bcc+NLeolfiojh5FxW2klu669+8BARtyQv2C/GkNW6FUodVe4BroGMP/wER/YDGc7rEllw=="
  "resolved" "https://registry.npmjs.org/@types/chai-subset/-/chai-subset-1.3.3.tgz"
  "version" "1.3.3"
  dependencies:
    "@types/chai" "*"

"@types/chai@*", "@types/chai@^4.3.0":
  "integrity" "sha512-/ceqdqeRraGolFTcfoXNiqjyQhZzbINDngeoAq9GoHa8PPK1yNzTaxWjA6BFWp5Ua9JpXEMSS4s5i9tS0hOJtw=="
  "resolved" "https://registry.npmjs.org/@types/chai/-/chai-4.3.0.tgz"
  "version" "4.3.0"

"@types/node@^17.0.10":
  "integrity" "sha512-S/3xB4KzyFxYGCppyDt68yzBU9ysL88lSdIah4D6cptdcltc4NCPCAMc0+PCpg/lLIyC7IPvj2Z52OJWeIUkog=="
  "resolved" "https://registry.npmjs.org/@types/node/-/node-17.0.10.tgz"
  "version" "17.0.10"

"@types/video.js@^7.3.30":
  "integrity" "sha512-wkEn8YaDcPmr26FoVQiGDoZYFk+qsBtktLC0nYK2zQnDFByawZFG6rwog9e/bYd29MF6qDXt7K9hhMb972ldzg=="
  "resolved" "https://registry.npmjs.org/@types/video.js/-/video.js-7.3.30.tgz"
  "version" "7.3.30"

"@videojs/http-streaming@2.12.0":
  "integrity" "sha512-vdQA0lDYBXGJqV2T02AGqg1w4dcgyRoN+bYG+G8uF4DpCEMhEtUI0BA4tRu4/Njar8w/9D5k0a1KX40pcvM3fA=="
  "resolved" "https://registry.npmjs.org/@videojs/http-streaming/-/http-streaming-2.12.0.tgz"
  "version" "2.12.0"
  dependencies:
    "@babel/runtime" "^7.12.5"
    "@videojs/vhs-utils" "3.0.4"
    "aes-decrypter" "3.1.2"
    "global" "^4.4.0"
    "m3u8-parser" "4.7.0"
    "mpd-parser" "0.19.2"
    "mux.js" "5.14.1"
    "video.js" "^6 || ^7"

"@videojs/vhs-utils@^3.0.0", "@videojs/vhs-utils@^3.0.2", "@videojs/vhs-utils@^3.0.3", "@videojs/vhs-utils@3.0.4":
  "integrity" "sha512-hui4zOj2I1kLzDgf8QDVxD3IzrwjS/43KiS8IHQO0OeeSsb4pB/lgNt1NG7Dv0wMQfCccUpMVLGcK618s890Yg=="
  "resolved" "https://registry.npmjs.org/@videojs/vhs-utils/-/vhs-utils-3.0.4.tgz"
  "version" "3.0.4"
  dependencies:
    "@babel/runtime" "^7.12.5"
    "global" "^4.4.0"
    "url-toolkit" "^2.2.1"

"@videojs/xhr@2.6.0":
  "integrity" "sha512-7J361GiN1tXpm+gd0xz2QWr3xNWBE+rytvo8J3KuggFaLg+U37gZQ2BuPLcnkfGffy2e+ozY70RHC8jt7zjA6Q=="
  "resolved" "https://registry.npmjs.org/@videojs/xhr/-/xhr-2.6.0.tgz"
  "version" "2.6.0"
  dependencies:
    "@babel/runtime" "^7.5.5"
    "global" "~4.4.0"
    "is-function" "^1.0.1"

"@xmldom/xmldom@^0.7.2":
  "integrity" "sha512-V3BIhmY36fXZ1OtVcI9W+FxQqxVLsPKcNjWigIaa81dLC9IolJl5Mt4Cvhmr0flUnjSpTdrbMTSbXqYqV5dT6A=="
  "resolved" "https://registry.npmjs.org/@xmldom/xmldom/-/xmldom-0.7.5.tgz"
  "version" "0.7.5"

"aes-decrypter@3.1.2":
  "integrity" "sha512-42nRwfQuPRj9R1zqZBdoxnaAmnIFyDi0MNyTVhjdFOd8fifXKKRfwIHIZ6AMn1or4x5WONzjwRTbTWcsIQ0O4A=="
  "resolved" "https://registry.npmjs.org/aes-decrypter/-/aes-decrypter-3.1.2.tgz"
  "version" "3.1.2"
  dependencies:
    "@babel/runtime" "^7.12.5"
    "@videojs/vhs-utils" "^3.0.0"
    "global" "^4.4.0"
    "pkcs7" "^1.0.4"

"assertion-error@^1.1.0":
  "integrity" "sha512-jgsaNduz+ndvGyFt3uSuWqvy4lCnIJiovtouQN5JZHOKCS2QuhEdbcQHFhVksz2N2U9hXJo8odG7ETyWlEeuDw=="
  "resolved" "https://registry.npmjs.org/assertion-error/-/assertion-error-1.1.0.tgz"
  "version" "1.1.0"

"axios@^0.25.0":
  "integrity" "sha512-cD8FOb0tRH3uuEe6+evtAbgJtfxr7ly3fQjYcMcuPlgkwVS9xboaVIpcDV+cYQe+yGykgwZCs1pzjntcGa6l5g=="
  "resolved" "https://registry.npmjs.org/axios/-/axios-0.25.0.tgz"
  "version" "0.25.0"
  dependencies:
    "follow-redirects" "^1.14.7"

"chai@^4.3.4":
  "integrity" "sha512-yS5H68VYOCtN1cjfwumDSuzn/9c+yza4f3reKXlE5rUg7SFcCEy90gJvydNgOYtblyf4Zi6jIWRnXOgErta0KA=="
  "resolved" "https://registry.npmjs.org/chai/-/chai-4.3.4.tgz"
  "version" "4.3.4"
  dependencies:
    "assertion-error" "^1.1.0"
    "check-error" "^1.0.2"
    "deep-eql" "^3.0.1"
    "get-func-name" "^2.0.0"
    "pathval" "^1.1.1"
    "type-detect" "^4.0.5"

"check-error@^1.0.2":
  "integrity" "sha1-V00xLt2Iu13YkS6Sht1sCu1KrII="
  "resolved" "https://registry.npmjs.org/check-error/-/check-error-1.0.2.tgz"
  "version" "1.0.2"

"deep-eql@^3.0.1":
  "integrity" "sha512-+QeIQyN5ZuO+3Uk5DYh6/1eKO0m0YmJFGNmFHGACpf1ClL1nmlV/p4gNgbl2pJGxgXb4faqo6UE+M5ACEMyVcw=="
  "resolved" "https://registry.npmjs.org/deep-eql/-/deep-eql-3.0.1.tgz"
  "version" "3.0.1"
  dependencies:
    "type-detect" "^4.0.0"

"dom-walk@^0.1.0":
  "integrity" "sha512-6QvTW9mrGeIegrFXdtQi9pk7O/nSK6lSdXW2eqUspN5LWD7UTji2Fqw5V2YLjBpHEoU9Xl/eUWNpDeZvoyOv2w=="
  "resolved" "https://registry.npmjs.org/dom-walk/-/dom-walk-0.1.2.tgz"
  "version" "0.1.2"

"draken-player@^0.1.0":
  "integrity" "sha512-iH1oD94yjl1TO1TTNVooI2mXRbaSK2Fj3yKG1BZAtVyPqwR/biTU3eRY39pGW2RdPemzdJiARTnA4AtAAKHRJQ=="
  "resolved" "https://registry.npmjs.org/draken-player/-/draken-player-0.1.1.tgz"
  "version" "0.1.1"
  dependencies:
    "axios" "^0.25.0"
    "video.js" "^7.14.3"
    "videojs-contrib-quality-levels" "^2.1.0"

"esbuild-darwin-arm64@0.13.15":
  "integrity" "sha512-i1FZssTVxUqNlJ6cBTj5YQj4imWy3m49RZRnHhLpefFIh0To05ow9DTrXROTE1urGTQCloFUXTX8QfGJy1P8dQ=="
  "resolved" "https://registry.npmjs.org/esbuild-darwin-arm64/-/esbuild-darwin-arm64-0.13.15.tgz"
  "version" "0.13.15"

"esbuild@^0.13.12":
  "integrity" "sha512-raCxt02HBKv8RJxE8vkTSCXGIyKHdEdGfUmiYb8wnabnaEmHzyW7DCHb5tEN0xU8ryqg5xw54mcwnYkC4x3AIw=="
  "resolved" "https://registry.npmjs.org/esbuild/-/esbuild-0.13.15.tgz"
  "version" "0.13.15"
  optionalDependencies:
    "esbuild-android-arm64" "0.13.15"
    "esbuild-darwin-64" "0.13.15"
    "esbuild-darwin-arm64" "0.13.15"
    "esbuild-freebsd-64" "0.13.15"
    "esbuild-freebsd-arm64" "0.13.15"
    "esbuild-linux-32" "0.13.15"
    "esbuild-linux-64" "0.13.15"
    "esbuild-linux-arm" "0.13.15"
    "esbuild-linux-arm64" "0.13.15"
    "esbuild-linux-mips64le" "0.13.15"
    "esbuild-linux-ppc64le" "0.13.15"
    "esbuild-netbsd-64" "0.13.15"
    "esbuild-openbsd-64" "0.13.15"
    "esbuild-sunos-64" "0.13.15"
    "esbuild-windows-32" "0.13.15"
    "esbuild-windows-64" "0.13.15"
    "esbuild-windows-arm64" "0.13.15"

"follow-redirects@^1.14.7":
  "integrity" "sha512-+hbxoLbFMbRKDwohX8GkTataGqO6Jb7jGwpAlwgy2bIz25XtRm7KEzJM76R1WiNT5SwZkX4Y75SwBolkpmE7iQ=="
  "resolved" "https://registry.npmjs.org/follow-redirects/-/follow-redirects-1.14.7.tgz"
  "version" "1.14.7"

"fsevents@~2.3.2":
  "integrity" "sha512-xiqMQR4xAeHTuB9uWm+fFRcIOgKBMiOBP+eXiyT7jsgVCq1bkVygt00oASowB7EdtpOHaaPgKt812P9ab+DDKA=="
  "resolved" "https://registry.npmjs.org/fsevents/-/fsevents-2.3.2.tgz"
  "version" "2.3.2"

"function-bind@^1.1.1":
  "integrity" "sha512-yIovAzMX49sF8Yl58fSCWJ5svSLuaibPxXQJFLmBObTuCr0Mf1KiPopGM9NiFjiYBCbfaa2Fh6breQ6ANVTI0A=="
  "resolved" "https://registry.npmjs.org/function-bind/-/function-bind-1.1.1.tgz"
  "version" "1.1.1"

"get-func-name@^2.0.0":
  "integrity" "sha1-6td0q+5y4gQJQzoGY2YCPdaIekE="
  "resolved" "https://registry.npmjs.org/get-func-name/-/get-func-name-2.0.0.tgz"
  "version" "2.0.0"

"global@^4.3.1", "global@^4.3.2", "global@^4.4.0", "global@~4.4.0":
  "integrity" "sha512-wv/LAoHdRE3BeTGz53FAamhGlPLhlssK45usmGFThIi4XqnBmjKQ16u+RNbP7WvigRZDxUsM0J3gcQ5yicaL0w=="
  "resolved" "https://registry.npmjs.org/global/-/global-4.4.0.tgz"
  "version" "4.4.0"
  dependencies:
    "min-document" "^2.19.0"
    "process" "^0.11.10"

"has@^1.0.3":
  "integrity" "sha512-f2dvO0VU6Oej7RkWJGrehjbzMAjFp5/VKPp5tTpWIV4JHHZK1/BxbFRtf/siA2SWTe09caDmVtYYzWEIbBS4zw=="
  "resolved" "https://registry.npmjs.org/has/-/has-1.0.3.tgz"
  "version" "1.0.3"
  dependencies:
    "function-bind" "^1.1.1"

"individual@^2.0.0":
  "integrity" "sha1-gzsJfa0jKU52EXqY+zjg2a1hu5c="
  "resolved" "https://registry.npmjs.org/individual/-/individual-2.0.0.tgz"
  "version" "2.0.0"

"is-core-module@^2.8.0":
  "integrity" "sha512-SdNCUs284hr40hFTFP6l0IfZ/RSrMXF3qgoRHd3/79unUTvrFO/JoXwkGm+5J/Oe3E/b5GsnG330uUNgRpu1PA=="
  "resolved" "https://registry.npmjs.org/is-core-module/-/is-core-module-2.8.1.tgz"
  "version" "2.8.1"
  dependencies:
    "has" "^1.0.3"

"is-function@^1.0.1":
  "integrity" "sha512-lw7DUp0aWXYg+CBCN+JKkcE0Q2RayZnSvnZBlwgxHBQhqt5pZNVy4Ri7H9GmmXkdu7LUthszM+Tor1u/2iBcpQ=="
  "resolved" "https://registry.npmjs.org/is-function/-/is-function-1.0.2.tgz"
  "version" "1.0.2"

"keycode@^2.2.0":
  "integrity" "sha512-Rdgz9Hl9Iv4QKi8b0OlCRQEzp4AgVxyCtz5S/+VIHezDmrDhkp2N2TqBWOLz0/gbeREXOOiI9/4b8BY9uw2vFg=="
  "resolved" "https://registry.npmjs.org/keycode/-/keycode-2.2.1.tgz"
  "version" "2.2.1"

"local-pkg@^0.4.1":
  "integrity" "sha512-lL87ytIGP2FU5PWwNDo0w3WhIo2gopIAxPg9RxDYF7m4rr5ahuZxP22xnJHIvaLTe4Z9P6uKKY2UHiwyB4pcrw=="
  "resolved" "https://registry.npmjs.org/local-pkg/-/local-pkg-0.4.1.tgz"
  "version" "0.4.1"

"m3u8-parser@4.7.0":
  "integrity" "sha512-48l/OwRyjBm+QhNNigEEcRcgbRvnUjL7rxs597HmW9QSNbyNvt+RcZ9T/d9vxi9A9z7EZrB1POtZYhdRlwYQkQ=="
  "resolved" "https://registry.npmjs.org/m3u8-parser/-/m3u8-parser-4.7.0.tgz"
  "version" "4.7.0"
  dependencies:
    "@babel/runtime" "^7.12.5"
    "@videojs/vhs-utils" "^3.0.0"
    "global" "^4.4.0"

"min-document@^2.19.0":
  "integrity" "sha1-e9KC4/WELtKVu3SM3Z8f+iyCRoU="
  "resolved" "https://registry.npmjs.org/min-document/-/min-document-2.19.0.tgz"
  "version" "2.19.0"
  dependencies:
    "dom-walk" "^0.1.0"

"mpd-parser@0.19.2":
  "integrity" "sha512-M5tAIdtBM2TN+OSTz/37T7V+h9ZLvhyNqq4TNIdtjAQ/Hg8UnMRf5nJQDjffcXag3POXi31yUJQEKOXdcAM/nw=="
  "resolved" "https://registry.npmjs.org/mpd-parser/-/mpd-parser-0.19.2.tgz"
  "version" "0.19.2"
  dependencies:
    "@babel/runtime" "^7.12.5"
    "@videojs/vhs-utils" "^3.0.2"
    "@xmldom/xmldom" "^0.7.2"
    "global" "^4.4.0"

"mux.js@5.14.1":
  "integrity" "sha512-38kA/xjWRDzMbcpHQfhKbJAME8eTZVsb9U2Puk890oGvGqnyu8B/AkKdICKPHkigfqYX9MY20vje88TP14nhog=="
  "resolved" "https://registry.npmjs.org/mux.js/-/mux.js-5.14.1.tgz"
  "version" "5.14.1"
  dependencies:
    "@babel/runtime" "^7.11.2"

"nanoid@^3.1.30":
  "integrity" "sha512-fmsZYa9lpn69Ad5eDn7FMcnnSR+8R34W9qJEijxYhTbfOWzr22n1QxCMzXLK+ODyW2973V3Fux959iQoUxzUIA=="
  "resolved" "https://registry.npmjs.org/nanoid/-/nanoid-3.2.0.tgz"
  "version" "3.2.0"

"path-parse@^1.0.7":
  "integrity" "sha512-LDJzPVEEEPR+y48z93A0Ed0yXb8pAByGWo/k5YYdYgpY2/2EsOsksJrq7lOHxryrVOn1ejG6oAp8ahvOIQD8sw=="
  "resolved" "https://registry.npmjs.org/path-parse/-/path-parse-1.0.7.tgz"
  "version" "1.0.7"

"pathval@^1.1.1":
  "integrity" "sha512-Dp6zGqpTdETdR63lehJYPeIOqpiNBNtc7BpWSLrOje7UaIsE5aY92r/AunQA7rsXvet3lrJ3JnZX29UPTKXyKQ=="
  "resolved" "https://registry.npmjs.org/pathval/-/pathval-1.1.1.tgz"
  "version" "1.1.1"

"picocolors@^1.0.0":
  "integrity" "sha512-1fygroTLlHu66zi26VoTDv8yRgm0Fccecssto+MhsZ0D/DGW2sm8E8AjW7NU5VVTRt5GxbeZ5qBuJr+HyLYkjQ=="
  "resolved" "https://registry.npmjs.org/picocolors/-/picocolors-1.0.0.tgz"
  "version" "1.0.0"

"pkcs7@^1.0.4":
  "integrity" "sha512-afRERtHn54AlwaF2/+LFszyAANTCggGilmcmILUzEjvs3XgFZT+xE6+QWQcAGmu4xajy+Xtj7acLOPdx5/eXWQ=="
  "resolved" "https://registry.npmjs.org/pkcs7/-/pkcs7-1.0.4.tgz"
  "version" "1.0.4"
  dependencies:
    "@babel/runtime" "^7.5.5"

"postcss@^8.4.5":
  "integrity" "sha512-jBDboWM8qpaqwkMwItqTQTiFikhs/67OYVvblFFTM7MrZjt6yMKd6r2kgXizEbTTljacm4NldIlZnhbjr84QYg=="
  "resolved" "https://registry.npmjs.org/postcss/-/postcss-8.4.5.tgz"
  "version" "8.4.5"
  dependencies:
    "nanoid" "^3.1.30"
    "picocolors" "^1.0.0"
    "source-map-js" "^1.0.1"

"process@^0.11.10":
  "integrity" "sha1-czIwDoQBYb2j5podHZGn1LwW8YI="
  "resolved" "https://registry.npmjs.org/process/-/process-0.11.10.tgz"
  "version" "0.11.10"

"regenerator-runtime@^0.13.4":
  "integrity" "sha512-p3VT+cOEgxFsRRA9X4lkI1E+k2/CtnKtU4gcxyaCUreilL/vqI6CdZ3wxVUx3UOUg+gnUOQQcRI7BmSI656MYA=="
  "resolved" "https://registry.npmjs.org/regenerator-runtime/-/regenerator-runtime-0.13.9.tgz"
  "version" "0.13.9"

"resolve@^1.20.0":
  "integrity" "sha512-lfEImVbnolPuaSZuLQ52cAxPBHeI77sPwCOWRdy12UG/CNa8an7oBHH1R+Fp1/mUqSJi4c8TIP6FOIPSZAUrEQ=="
  "resolved" "https://registry.npmjs.org/resolve/-/resolve-1.21.1.tgz"
  "version" "1.21.1"
  dependencies:
    "is-core-module" "^2.8.0"
    "path-parse" "^1.0.7"
    "supports-preserve-symlinks-flag" "^1.0.0"

"rollup@^2.59.0":
  "integrity" "sha512-ohZVYrhtVMTqqeqH26sngfMiyGDg6gCUReOsoflXvYpzUkDHp8sVG8F9FQxjs72OfnLWpXP2nNNqQ9I0vkRovA=="
  "resolved" "https://registry.npmjs.org/rollup/-/rollup-2.65.0.tgz"
  "version" "2.65.0"
  optionalDependencies:
    "fsevents" "~2.3.2"

"rust-result@^1.0.0":
  "integrity" "sha1-NMdbLm3Dn+WHXlveyFteD5FTb3I="
  "resolved" "https://registry.npmjs.org/rust-result/-/rust-result-1.0.0.tgz"
  "version" "1.0.0"
  dependencies:
    "individual" "^2.0.0"

"safe-json-parse@4.0.0":
  "integrity" "sha1-fA9XjPzNEtM6ccDgVBPi7KFx6qw="
  "resolved" "https://registry.npmjs.org/safe-json-parse/-/safe-json-parse-4.0.0.tgz"
  "version" "4.0.0"
  dependencies:
    "rust-result" "^1.0.0"

"source-map-js@^1.0.1":
  "integrity" "sha512-R0XvVJ9WusLiqTCEiGCmICCMplcCkIwwR11mOSD9CR5u+IXYdiseeEuXCVAjS54zqwkLcPNnmU4OeJ6tUrWhDw=="
  "resolved" "https://registry.npmjs.org/source-map-js/-/source-map-js-1.0.2.tgz"
  "version" "1.0.2"

"supports-preserve-symlinks-flag@^1.0.0":
  "integrity" "sha512-ot0WnXS9fgdkgIcePe6RHNk1WA8+muPa6cSjeR3V8K27q9BB1rTE3R1p7Hv0z1ZyAc8s6Vvv8DIyWf681MAt0w=="
  "resolved" "https://registry.npmjs.org/supports-preserve-symlinks-flag/-/supports-preserve-symlinks-flag-1.0.0.tgz"
  "version" "1.0.0"

"tinypool@^0.1.1":
  "integrity" "sha512-sW2fQZ2BRb/GX5v55NkHiTrbMLx0eX0xNpP+VGhOe2f7Oo04+LeClDyM19zCE/WCy7jJ8kzIJ0Ojrxj3UhN9Sg=="
  "resolved" "https://registry.npmjs.org/tinypool/-/tinypool-0.1.1.tgz"
  "version" "0.1.1"

"tinyspy@^0.2.8":
  "integrity" "sha512-4VXqQzzh9gC5uOLk77cLr9R3wqJq07xJlgM9IUdCNJCet139r+046ETKbU1x7mGs7B0k7eopyH5U6yflbBXNyA=="
  "resolved" "https://registry.npmjs.org/tinyspy/-/tinyspy-0.2.8.tgz"
  "version" "0.2.8"

"type-detect@^4.0.0", "type-detect@^4.0.5":
  "integrity" "sha512-0fr/mIH1dlO+x7TlcMy+bIDqKPsw/70tVyeHW787goQjhmqaZe10uwLujubK9q9Lg6Fiho1KUKDYz0Z7k7g5/g=="
  "resolved" "https://registry.npmjs.org/type-detect/-/type-detect-4.0.8.tgz"
  "version" "4.0.8"

"typescript@^4.4.4":
  "integrity" "sha512-TCTIul70LyWe6IJWT8QSYeA54WQe8EjQFU4wY52Fasj5UKx88LNYKCgBEHcOMOrFF1rKGbD8v/xcNWVUq9SymA=="
  "resolved" "https://registry.npmjs.org/typescript/-/typescript-4.5.5.tgz"
  "version" "4.5.5"

"url-toolkit@^2.2.1":
  "integrity" "sha512-Da75SQoxsZ+2wXS56CZBrj2nukQ4nlGUZUP/dqUBG5E1su5GKThgT94Q00x81eVII7AyS1Pn+CtTTZ4Z0pLUtQ=="
  "resolved" "https://registry.npmjs.org/url-toolkit/-/url-toolkit-2.2.3.tgz"
  "version" "2.2.3"

"video.js@^6 || ^7", "video.js@^7.14.3":
  "integrity" "sha512-8RbLu9+Pdpep9OTPncUHIvZXFgn/7hKdPnSTE/lGSnlFSucXtTUBp41R7NDwncscMLQ0WgazUbmFlvr4MNWMbA=="
  "resolved" "https://registry.npmjs.org/video.js/-/video.js-7.17.0.tgz"
  "version" "7.17.0"
  dependencies:
    "@babel/runtime" "^7.12.5"
    "@videojs/http-streaming" "2.12.0"
    "@videojs/vhs-utils" "^3.0.3"
    "@videojs/xhr" "2.6.0"
    "aes-decrypter" "3.1.2"
    "global" "^4.4.0"
    "keycode" "^2.2.0"
    "m3u8-parser" "4.7.0"
    "mpd-parser" "0.19.2"
    "mux.js" "5.14.1"
    "safe-json-parse" "4.0.0"
    "videojs-font" "3.2.0"
    "videojs-vtt.js" "^0.15.3"

"videojs-contrib-quality-levels@^2.1.0":
  "integrity" "sha512-dqGQGbL9AFhucxki7Zh0c3kIhH0PAPcHEh6jUdRyaFCVeOuqnJrOYs/3wNtsokDdBdRf2Du2annpu4Z2XaSZRg=="
  "resolved" "https://registry.npmjs.org/videojs-contrib-quality-levels/-/videojs-contrib-quality-levels-2.1.0.tgz"
  "version" "2.1.0"
  dependencies:
    "global" "^4.3.2"
    "video.js" "^6 || ^7"

"videojs-font@3.2.0":
  "integrity" "sha512-g8vHMKK2/JGorSfqAZQUmYYNnXmfec4MLhwtEFS+mMs2IDY398GLysy6BH6K+aS1KMNu/xWZ8Sue/X/mdQPliA=="
  "resolved" "https://registry.npmjs.org/videojs-font/-/videojs-font-3.2.0.tgz"
  "version" "3.2.0"

"videojs-vtt.js@^0.15.3":
  "integrity" "sha512-5FvVsICuMRx6Hd7H/Y9s9GDeEtYcXQWzGMS+sl4UX3t/zoHp3y+isSfIPRochnTH7h+Bh1ILyC639xy9Z6kPag=="
  "resolved" "https://registry.npmjs.org/videojs-vtt.js/-/videojs-vtt.js-0.15.3.tgz"
  "version" "0.15.3"
  dependencies:
    "global" "^4.3.1"

"vite@^2.7.2", "vite@>=2.7.13":
  "integrity" "sha512-Mq8et7f3aK0SgSxjDNfOAimZGW9XryfHRa/uV0jseQSilg+KhYDSoNb9h1rknOy6SuMkvNDLKCYAYYUMCE+IgQ=="
  "resolved" "https://registry.npmjs.org/vite/-/vite-2.7.13.tgz"
  "version" "2.7.13"
  dependencies:
    "esbuild" "^0.13.12"
    "postcss" "^8.4.5"
    "resolve" "^1.20.0"
    "rollup" "^2.59.0"
  optionalDependencies:
    "fsevents" "~2.3.2"

"vitest@^0.1.19":
  "integrity" "sha512-RYW9AMWlvF0WJXlQoFAyuhaPkNGLGssDa4IQ7k3U8+wYsggXrNptS1PhuLjgK00j9yb2RzSrrylhm9r1ZNK6Ug=="
  "resolved" "https://registry.npmjs.org/vitest/-/vitest-0.1.26.tgz"
  "version" "0.1.26"
  dependencies:
    "@types/chai" "^4.3.0"
    "@types/chai-subset" "^1.3.3"
    "chai" "^4.3.4"
    "local-pkg" "^0.4.1"
    "tinypool" "^0.1.1"
    "tinyspy" "^0.2.8"
    "vite" ">=2.7.13"
